PODS:
  - Alamofire (4.9.1)
  - FBSDKCoreKit (9.0.1):
    - FBSDKCoreKit/Basics (= 9.0.1)
    - FBSDKCoreKit/Core (= 9.0.1)
  - FBSDKCoreKit/Basics (9.0.1)
  - FBSDKCoreKit/Core (9.0.1):
    - FBSDKCoreKit/Basics
  - FBSDKLoginKit (9.0.1):
    - FBSDKLoginKit/Login (= 9.0.1)
  - FBSDKLoginKit/Login (9.0.1):
    - FBSDKCoreKit (~> 9.0.1)
  - ObjectMapper (4.2.0)
  - PromiseKit (6.13.1):
    - PromiseKit/CorePromise (= 6.13.1)
    - PromiseKit/Foundation (= 6.13.1)
    - PromiseKit/UIKit (= 6.13.1)
  - PromiseKit/CorePromise (6.13.1)
  - PromiseKit/Foundation (6.13.1):
    - PromiseKit/CorePromise
  - PromiseKit/UIKit (6.13.1):
    - PromiseKit/CorePromise
  - PureLayout (3.1.5)
  - UICKeyChainStore (2.1.2)
  - VogappsLib (0.5.0):
    - Alamofire (= 4.9.1)
    - FBSDKLoginKit (= 9.0.1)
    - ObjectMapper (= 4.2.0)
    - PromiseKit (= 6.13.1)
    - PureLayout (= 3.1.5)
    - UICKeyChainStore (= 2.1.2)

DEPENDENCIES:
  - VogappsLib (from `../`)

SPEC REPOS:
  https://github.com/CocoaPods/Specs.git:
    - Alamofire
    - FBSDKCoreKit
    - FBSDKLoginKit
    - ObjectMapper
    - PromiseKit
    - PureLayout
    - UICKeyChainStore

EXTERNAL SOURCES:
  VogappsLib:
    :path: "../"

SPEC CHECKSUMS:
  Alamofire: 85e8a02c69d6020a0d734f6054870d7ecb75cf18
  FBSDKCoreKit: fada1a6a0076724678993ff05a633848765ff18c
  FBSDKLoginKit: d5ffe6d808897019ccf16feb6f0a7ab260bc5cd6
  ObjectMapper: 1eb41f610210777375fa806bf161dc39fb832b81
  PromiseKit: 28fda91c973cc377875d8c0ea4f973013c05b6db
  PureLayout: 9b4ad47b2f0388c84ff534af23d96e720c1b875a
  UICKeyChainStore: 85db518bb1d294366d15ec9b92a416c4e670518f
  VogappsLib: a111c965b48ddbe4543933156a0e11a044a05ebc

PODFILE CHECKSUM: 69f98498401754fcb428a86e3a6e0b0f4af3a699

COCOAPODS: 1.8.1
